
Microsoft Visual Studio Solution File, Format Version 12.00
# Visual Studio Version 17
VisualStudioVersion = 17.4.33403.182
MinimumVisualStudioVersion = 10.0.40219.1
Project("{FAE04EC0-301F-11D3-BF4B-00C04F79EFBC}") = "manage app groenevingers", "manage app groenevingers\manage app groenevingers.csproj", "{BEA1791C-A71E-4AE6-961B-B71E953AE7CF}"
EndProject
Global
	GlobalSection(SolutionConfigurationPlatforms) = preSolution
		Debug|Any CPU = Debug|Any CPU
		Release|Any CPU = Release|Any CPU
	EndGlobalSection
	GlobalSection(ProjectConfigurationPlatforms) = postSolution
		{BEA1791C-A71E-4AE6-961B-B71E953AE7CF}.Debug|Any CPU.ActiveCfg = Debug|Any CPU
		{BEA1791C-A71E-4AE6-961B-B71E953AE7CF}.Debug|Any CPU.Build.0 = Debug|Any CPU
		{BEA1791C-A71E-4AE6-961B-B71E953AE7CF}.Release|Any CPU.ActiveCfg = Release|Any CPU
		{BEA1791C-A71E-4AE6-961B-B71E953AE7CF}.Release|Any CPU.Build.0 = Release|Any CPU
	EndGlobalSection
	GlobalSection(SolutionProperties) = preSolution
		HideSolutionNode = FALSE
	EndGlobalSection
	GlobalSection(ExtensibilityGlobals) = postSolution
		SolutionGuid = {83B08A97-1E62-436C-BCAC-5D4672AF759C}
	EndGlobalSection
EndGlobal
