
Microsoft Visual Studio Solution File, Format Version 12.00
# Visual Studio Version 17
VisualStudioVersion = 17.4.33403.182
MinimumVisualStudioVersion = 10.0.40219.1
Project("{FAE04EC0-301F-11D3-BF4B-00C04F79EFBC}") = "Manage app groenevinger", "Manage app groenevinger\Manage app groenevinger.csproj", "{F4234346-94C5-4DEA-BF50-9B08049B2EB2}"
EndProject
Global
	GlobalSection(SolutionConfigurationPlatforms) = preSolution
		Debug|Any CPU = Debug|Any CPU
		Release|Any CPU = Release|Any CPU
	EndGlobalSection
	GlobalSection(ProjectConfigurationPlatforms) = postSolution
		{F4234346-94C5-4DEA-BF50-9B08049B2EB2}.Debug|Any CPU.ActiveCfg = Debug|Any CPU
		{F4234346-94C5-4DEA-BF50-9B08049B2EB2}.Debug|Any CPU.Build.0 = Debug|Any CPU
		{F4234346-94C5-4DEA-BF50-9B08049B2EB2}.Release|Any CPU.ActiveCfg = Release|Any CPU
		{F4234346-94C5-4DEA-BF50-9B08049B2EB2}.Release|Any CPU.Build.0 = Release|Any CPU
	EndGlobalSection
	GlobalSection(SolutionProperties) = preSolution
		HideSolutionNode = FALSE
	EndGlobalSection
	GlobalSection(ExtensibilityGlobals) = postSolution
		SolutionGuid = {4960C55B-4DAC-45E0-97CA-E0D4EB0ED698}
	EndGlobalSection
EndGlobal
